
Microsoft Visual Studio Solution File, Format Version 12.00
# Visual Studio 14
VisualStudioVersion = 14.0.25420.1
MinimumVisualStudioVersion = 10.0.40219.1
Project("{2150E333-8FDC-42A3-9474-1A3956D46DE8}") = ".nuget", ".nuget", "{79B15110-0D65-4BB2-AC80-6881A4755D6A}"
	ProjectSection(SolutionItems) = preProject
		..\.nuget\NuGet.Config = ..\.nuget\NuGet.Config
		..\.nuget\NuGet.exe = ..\.nuget\NuGet.exe
		..\.nuget\NuGet.targets = ..\.nuget\NuGet.targets
	EndProjectSection
EndProject
Project("{2150E333-8FDC-42A3-9474-1A3956D46DE8}") = "packages", "packages", "{344A2FDD-817B-437F-B557-95F316427553}"
EndProject
Project("{2150E333-8FDC-42A3-9474-1A3956D46DE8}") = "eWM.CRM", "eWM.CRM", "{7E269113-B455-461C-A2AB-55C6A95379DD}"
EndProject
Project("{FAE04EC0-301F-11D3-BF4B-00C04F79EFBC}") = "eWM.Assets", "eWM.Assets\eWM.Assets.csproj", "{0786A74F-795E-4BFA-A37B-E2969E448212}"
EndProject
Project("{FAE04EC0-301F-11D3-BF4B-00C04F79EFBC}") = "eWM.AutoNumber", "eWM.AutoNumber\eWM.AutoNumber.csproj", "{DB3094C7-3772-43CD-9616-219CC0CDD934}"
EndProject
Project("{FAE04EC0-301F-11D3-BF4B-00C04F79EFBC}") = "eWM.CreateAttributes", "eWM.CreateAttributes\eWM.CreateAttributes.csproj", "{5D3A95A9-C607-410A-86AE-819C2F884A93}"
EndProject
Project("{FAE04EC0-301F-11D3-BF4B-00C04F79EFBC}") = "eWM.Plugins.ReportGen", "eWM.ReportGen\eWM.Plugins.ReportGen.csproj", "{162DC1AF-D046-44ED-B43A-C033DF07A246}"
EndProject
Project("{F14B399A-7131-4C87-9E4B-1186C45EF12D}") = "eWM.Reports", "eWM.Reports\eWM.Reports.rptproj", "{257844B3-14AA-4F97-A9F1-CE3C0A42CFE1}"
EndProject
Project("{FAE04EC0-301F-11D3-BF4B-00C04F79EFBC}") = "eWM.CRM.Workflows.LetterGen", "eWM.CRM.Workflows.LetterGen\eWM.CRM.Workflows.LetterGen.csproj", "{A5072927-A437-4D17-BD18-4430103C0AB5}"
EndProject
Project("{FAE04EC0-301F-11D3-BF4B-00C04F79EFBC}") = "eWM.Xrm.Case", "eWM.Plugins.Case\eWM.Xrm.Case.csproj", "{F96B4680-1A43-4CCA-B38E-96A2E9B113E0}"
EndProject
Project("{FAE04EC0-301F-11D3-BF4B-00C04F79EFBC}") = "eWM.Xrm.Common", "eWM.Xrm.Common\eWM.Xrm.Common.csproj", "{032E341D-BB6A-41D1-9501-BF0D18621DA2}"
EndProject
Project("{FAE04EC0-301F-11D3-BF4B-00C04F79EFBC}") = "eWM.Xrm.DetailClaim", "eWM.Xrm.DetailClaim\eWM.Xrm.DetailClaim.csproj", "{0F6EA13F-2262-4A8D-9D18-C0EAA4DAC922}"
EndProject
Project("{FAE04EC0-301F-11D3-BF4B-00C04F79EFBC}") = "eWM.XRM.Finding", "eWM.XRM.Finding\eWM.XRM.Finding.csproj", "{F87F8904-28D5-47F7-97DF-23BF1B7B41DD}"
EndProject
Project("{2150E333-8FDC-42A3-9474-1A3956D46DE8}") = "Reference", "Reference", "{9478D5D7-C055-45A3-9C0B-D292516E567F}"
EndProject
Project("{FAE04EC0-301F-11D3-BF4B-00C04F79EFBC}") = "eWM.Xrm.TimeTracking", "eWM.Xrm.TimeTracking\eWM.Xrm.TimeTracking.csproj", "{3EC82A7D-B122-4C16-AF30-6C51A4CE18AD}"
EndProject
Project("{FAE04EC0-301F-11D3-BF4B-00C04F79EFBC}") = "EWM.Xrm.SharePoint", "EWM.Xrm.SharePoint\EWM.Xrm.SharePoint.csproj", "{D8320621-C774-453B-A1F9-EA604BB65ADD}"
EndProject
Global
	GlobalSection(SolutionConfigurationPlatforms) = preSolution
		Debug|Any CPU = Debug|Any CPU
		Debug|x86 = Debug|x86
		DebugLocal|Any CPU = DebugLocal|Any CPU
		DebugLocal|x86 = DebugLocal|x86
		Development|Any CPU = Development|Any CPU
		Development|x86 = Development|x86
		Release|Any CPU = Release|Any CPU
		Release|x86 = Release|x86
	EndGlobalSection
	GlobalSection(ProjectConfigurationPlatforms) = postSolution
		{0786A74F-795E-4BFA-A37B-E2969E448212}.Debug|Any CPU.ActiveCfg = Debug|Any CPU
		{0786A74F-795E-4BFA-A37B-E2969E448212}.Debug|Any CPU.Build.0 = Debug|Any CPU
		{0786A74F-795E-4BFA-A37B-E2969E448212}.Debug|x86.ActiveCfg = Debug|Any CPU
		{0786A74F-795E-4BFA-A37B-E2969E448212}.Debug|x86.Build.0 = Debug|Any CPU
		{0786A74F-795E-4BFA-A37B-E2969E448212}.DebugLocal|Any CPU.ActiveCfg = Debug|Any CPU
		{0786A74F-795E-4BFA-A37B-E2969E448212}.DebugLocal|Any CPU.Build.0 = Debug|Any CPU
		{0786A74F-795E-4BFA-A37B-E2969E448212}.DebugLocal|x86.ActiveCfg = Debug|Any CPU
		{0786A74F-795E-4BFA-A37B-E2969E448212}.DebugLocal|x86.Build.0 = Debug|Any CPU
		{0786A74F-795E-4BFA-A37B-E2969E448212}.Development|Any CPU.ActiveCfg = Debug|Any CPU
		{0786A74F-795E-4BFA-A37B-E2969E448212}.Development|Any CPU.Build.0 = Debug|Any CPU
		{0786A74F-795E-4BFA-A37B-E2969E448212}.Development|x86.ActiveCfg = Debug|Any CPU
		{0786A74F-795E-4BFA-A37B-E2969E448212}.Development|x86.Build.0 = Debug|Any CPU
		{0786A74F-795E-4BFA-A37B-E2969E448212}.Release|Any CPU.ActiveCfg = Release|Any CPU
		{0786A74F-795E-4BFA-A37B-E2969E448212}.Release|Any CPU.Build.0 = Release|Any CPU
		{0786A74F-795E-4BFA-A37B-E2969E448212}.Release|x86.ActiveCfg = Release|Any CPU
		{0786A74F-795E-4BFA-A37B-E2969E448212}.Release|x86.Build.0 = Release|Any CPU
		{DB3094C7-3772-43CD-9616-219CC0CDD934}.Debug|Any CPU.ActiveCfg = Debug|Any CPU
		{DB3094C7-3772-43CD-9616-219CC0CDD934}.Debug|Any CPU.Build.0 = Debug|Any CPU
		{DB3094C7-3772-43CD-9616-219CC0CDD934}.Debug|x86.ActiveCfg = Debug|Any CPU
		{DB3094C7-3772-43CD-9616-219CC0CDD934}.Debug|x86.Build.0 = Debug|Any CPU
		{DB3094C7-3772-43CD-9616-219CC0CDD934}.DebugLocal|Any CPU.ActiveCfg = Debug|Any CPU
		{DB3094C7-3772-43CD-9616-219CC0CDD934}.DebugLocal|Any CPU.Build.0 = Debug|Any CPU
		{DB3094C7-3772-43CD-9616-219CC0CDD934}.DebugLocal|x86.ActiveCfg = Debug|Any CPU
		{DB3094C7-3772-43CD-9616-219CC0CDD934}.DebugLocal|x86.Build.0 = Debug|Any CPU
		{DB3094C7-3772-43CD-9616-219CC0CDD934}.Development|Any CPU.ActiveCfg = Debug|Any CPU
		{DB3094C7-3772-43CD-9616-219CC0CDD934}.Development|Any CPU.Build.0 = Debug|Any CPU
		{DB3094C7-3772-43CD-9616-219CC0CDD934}.Development|x86.ActiveCfg = Debug|Any CPU
		{DB3094C7-3772-43CD-9616-219CC0CDD934}.Development|x86.Build.0 = Debug|Any CPU
		{DB3094C7-3772-43CD-9616-219CC0CDD934}.Release|Any CPU.ActiveCfg = Release|Any CPU
		{DB3094C7-3772-43CD-9616-219CC0CDD934}.Release|Any CPU.Build.0 = Release|Any CPU
		{DB3094C7-3772-43CD-9616-219CC0CDD934}.Release|x86.ActiveCfg = Release|Any CPU
		{DB3094C7-3772-43CD-9616-219CC0CDD934}.Release|x86.Build.0 = Release|Any CPU
		{5D3A95A9-C607-410A-86AE-819C2F884A93}.Debug|Any CPU.ActiveCfg = Debug|Any CPU
		{5D3A95A9-C607-410A-86AE-819C2F884A93}.Debug|Any CPU.Build.0 = Debug|Any CPU
		{5D3A95A9-C607-410A-86AE-819C2F884A93}.Debug|x86.ActiveCfg = Debug|Any CPU
		{5D3A95A9-C607-410A-86AE-819C2F884A93}.Debug|x86.Build.0 = Debug|Any CPU
		{5D3A95A9-C607-410A-86AE-819C2F884A93}.DebugLocal|Any CPU.ActiveCfg = Debug|Any CPU
		{5D3A95A9-C607-410A-86AE-819C2F884A93}.DebugLocal|Any CPU.Build.0 = Debug|Any CPU
		{5D3A95A9-C607-410A-86AE-819C2F884A93}.DebugLocal|x86.ActiveCfg = Debug|Any CPU
		{5D3A95A9-C607-410A-86AE-819C2F884A93}.DebugLocal|x86.Build.0 = Debug|Any CPU
		{5D3A95A9-C607-410A-86AE-819C2F884A93}.Development|Any CPU.ActiveCfg = Debug|Any CPU
		{5D3A95A9-C607-410A-86AE-819C2F884A93}.Development|Any CPU.Build.0 = Debug|Any CPU
		{5D3A95A9-C607-410A-86AE-819C2F884A93}.Development|x86.ActiveCfg = Debug|Any CPU
		{5D3A95A9-C607-410A-86AE-819C2F884A93}.Development|x86.Build.0 = Debug|Any CPU
		{5D3A95A9-C607-410A-86AE-819C2F884A93}.Release|Any CPU.ActiveCfg = Release|Any CPU
		{5D3A95A9-C607-410A-86AE-819C2F884A93}.Release|Any CPU.Build.0 = Release|Any CPU
		{5D3A95A9-C607-410A-86AE-819C2F884A93}.Release|x86.ActiveCfg = Release|Any CPU
		{5D3A95A9-C607-410A-86AE-819C2F884A93}.Release|x86.Build.0 = Release|Any CPU
		{162DC1AF-D046-44ED-B43A-C033DF07A246}.Debug|Any CPU.ActiveCfg = Debug|Any CPU
		{162DC1AF-D046-44ED-B43A-C033DF07A246}.Debug|Any CPU.Build.0 = Debug|Any CPU
		{162DC1AF-D046-44ED-B43A-C033DF07A246}.Debug|x86.ActiveCfg = Debug|Any CPU
		{162DC1AF-D046-44ED-B43A-C033DF07A246}.Debug|x86.Build.0 = Debug|Any CPU
		{162DC1AF-D046-44ED-B43A-C033DF07A246}.DebugLocal|Any CPU.ActiveCfg = Debug|Any CPU
		{162DC1AF-D046-44ED-B43A-C033DF07A246}.DebugLocal|Any CPU.Build.0 = Debug|Any CPU
		{162DC1AF-D046-44ED-B43A-C033DF07A246}.DebugLocal|x86.ActiveCfg = Debug|Any CPU
		{162DC1AF-D046-44ED-B43A-C033DF07A246}.DebugLocal|x86.Build.0 = Debug|Any CPU
		{162DC1AF-D046-44ED-B43A-C033DF07A246}.Development|Any CPU.ActiveCfg = Debug|Any CPU
		{162DC1AF-D046-44ED-B43A-C033DF07A246}.Development|Any CPU.Build.0 = Debug|Any CPU
		{162DC1AF-D046-44ED-B43A-C033DF07A246}.Development|x86.ActiveCfg = Debug|Any CPU
		{162DC1AF-D046-44ED-B43A-C033DF07A246}.Development|x86.Build.0 = Debug|Any CPU
		{162DC1AF-D046-44ED-B43A-C033DF07A246}.Release|Any CPU.ActiveCfg = Release|Any CPU
		{162DC1AF-D046-44ED-B43A-C033DF07A246}.Release|Any CPU.Build.0 = Release|Any CPU
		{162DC1AF-D046-44ED-B43A-C033DF07A246}.Release|x86.ActiveCfg = Release|Any CPU
		{162DC1AF-D046-44ED-B43A-C033DF07A246}.Release|x86.Build.0 = Release|Any CPU
		{257844B3-14AA-4F97-A9F1-CE3C0A42CFE1}.Debug|Any CPU.ActiveCfg = Debug
		{257844B3-14AA-4F97-A9F1-CE3C0A42CFE1}.Debug|Any CPU.Build.0 = Debug
		{257844B3-14AA-4F97-A9F1-CE3C0A42CFE1}.Debug|Any CPU.Deploy.0 = Debug
		{257844B3-14AA-4F97-A9F1-CE3C0A42CFE1}.Debug|x86.ActiveCfg = Debug
		{257844B3-14AA-4F97-A9F1-CE3C0A42CFE1}.Debug|x86.Build.0 = Debug
		{257844B3-14AA-4F97-A9F1-CE3C0A42CFE1}.Debug|x86.Deploy.0 = Debug
		{257844B3-14AA-4F97-A9F1-CE3C0A42CFE1}.DebugLocal|Any CPU.ActiveCfg = DebugLocal
		{257844B3-14AA-4F97-A9F1-CE3C0A42CFE1}.DebugLocal|Any CPU.Build.0 = DebugLocal
		{257844B3-14AA-4F97-A9F1-CE3C0A42CFE1}.DebugLocal|Any CPU.Deploy.0 = DebugLocal
		{257844B3-14AA-4F97-A9F1-CE3C0A42CFE1}.DebugLocal|x86.ActiveCfg = DebugLocal
		{257844B3-14AA-4F97-A9F1-CE3C0A42CFE1}.DebugLocal|x86.Build.0 = DebugLocal
		{257844B3-14AA-4F97-A9F1-CE3C0A42CFE1}.DebugLocal|x86.Deploy.0 = DebugLocal
		{257844B3-14AA-4F97-A9F1-CE3C0A42CFE1}.Development|Any CPU.ActiveCfg = DebugLocal
		{257844B3-14AA-4F97-A9F1-CE3C0A42CFE1}.Development|Any CPU.Build.0 = DebugLocal
		{257844B3-14AA-4F97-A9F1-CE3C0A42CFE1}.Development|Any CPU.Deploy.0 = DebugLocal
		{257844B3-14AA-4F97-A9F1-CE3C0A42CFE1}.Development|x86.ActiveCfg = DebugLocal
		{257844B3-14AA-4F97-A9F1-CE3C0A42CFE1}.Development|x86.Build.0 = DebugLocal
		{257844B3-14AA-4F97-A9F1-CE3C0A42CFE1}.Development|x86.Deploy.0 = DebugLocal
		{257844B3-14AA-4F97-A9F1-CE3C0A42CFE1}.Release|Any CPU.ActiveCfg = Release
		{257844B3-14AA-4F97-A9F1-CE3C0A42CFE1}.Release|Any CPU.Build.0 = Release
		{257844B3-14AA-4F97-A9F1-CE3C0A42CFE1}.Release|Any CPU.Deploy.0 = Release
		{257844B3-14AA-4F97-A9F1-CE3C0A42CFE1}.Release|x86.ActiveCfg = Release
		{257844B3-14AA-4F97-A9F1-CE3C0A42CFE1}.Release|x86.Build.0 = Release
		{257844B3-14AA-4F97-A9F1-CE3C0A42CFE1}.Release|x86.Deploy.0 = Release
		{A5072927-A437-4D17-BD18-4430103C0AB5}.Debug|Any CPU.ActiveCfg = Debug|Any CPU
		{A5072927-A437-4D17-BD18-4430103C0AB5}.Debug|Any CPU.Build.0 = Debug|Any CPU
		{A5072927-A437-4D17-BD18-4430103C0AB5}.Debug|x86.ActiveCfg = Debug|Any CPU
		{A5072927-A437-4D17-BD18-4430103C0AB5}.Debug|x86.Build.0 = Debug|Any CPU
		{A5072927-A437-4D17-BD18-4430103C0AB5}.DebugLocal|Any CPU.ActiveCfg = Debug|Any CPU
		{A5072927-A437-4D17-BD18-4430103C0AB5}.DebugLocal|Any CPU.Build.0 = Debug|Any CPU
		{A5072927-A437-4D17-BD18-4430103C0AB5}.DebugLocal|x86.ActiveCfg = Debug|Any CPU
		{A5072927-A437-4D17-BD18-4430103C0AB5}.DebugLocal|x86.Build.0 = Debug|Any CPU
		{A5072927-A437-4D17-BD18-4430103C0AB5}.Development|Any CPU.ActiveCfg = Debug|Any CPU
		{A5072927-A437-4D17-BD18-4430103C0AB5}.Development|Any CPU.Build.0 = Debug|Any CPU
		{A5072927-A437-4D17-BD18-4430103C0AB5}.Development|x86.ActiveCfg = Debug|Any CPU
		{A5072927-A437-4D17-BD18-4430103C0AB5}.Development|x86.Build.0 = Debug|Any CPU
		{A5072927-A437-4D17-BD18-4430103C0AB5}.Release|Any CPU.ActiveCfg = Release|Any CPU
		{A5072927-A437-4D17-BD18-4430103C0AB5}.Release|Any CPU.Build.0 = Release|Any CPU
		{A5072927-A437-4D17-BD18-4430103C0AB5}.Release|x86.ActiveCfg = Release|Any CPU
		{A5072927-A437-4D17-BD18-4430103C0AB5}.Release|x86.Build.0 = Release|Any CPU
		{F96B4680-1A43-4CCA-B38E-96A2E9B113E0}.Debug|Any CPU.ActiveCfg = Debug|Any CPU
		{F96B4680-1A43-4CCA-B38E-96A2E9B113E0}.Debug|Any CPU.Build.0 = Debug|Any CPU
		{F96B4680-1A43-4CCA-B38E-96A2E9B113E0}.Debug|x86.ActiveCfg = Debug|Any CPU
		{F96B4680-1A43-4CCA-B38E-96A2E9B113E0}.Debug|x86.Build.0 = Debug|Any CPU
		{F96B4680-1A43-4CCA-B38E-96A2E9B113E0}.DebugLocal|Any CPU.ActiveCfg = Debug|Any CPU
		{F96B4680-1A43-4CCA-B38E-96A2E9B113E0}.DebugLocal|Any CPU.Build.0 = Debug|Any CPU
		{F96B4680-1A43-4CCA-B38E-96A2E9B113E0}.DebugLocal|x86.ActiveCfg = Debug|Any CPU
		{F96B4680-1A43-4CCA-B38E-96A2E9B113E0}.DebugLocal|x86.Build.0 = Debug|Any CPU
		{F96B4680-1A43-4CCA-B38E-96A2E9B113E0}.Development|Any CPU.ActiveCfg = Debug|Any CPU
		{F96B4680-1A43-4CCA-B38E-96A2E9B113E0}.Development|Any CPU.Build.0 = Debug|Any CPU
		{F96B4680-1A43-4CCA-B38E-96A2E9B113E0}.Development|x86.ActiveCfg = Debug|Any CPU
		{F96B4680-1A43-4CCA-B38E-96A2E9B113E0}.Development|x86.Build.0 = Debug|Any CPU
		{F96B4680-1A43-4CCA-B38E-96A2E9B113E0}.Release|Any CPU.ActiveCfg = Release|Any CPU
		{F96B4680-1A43-4CCA-B38E-96A2E9B113E0}.Release|Any CPU.Build.0 = Release|Any CPU
		{F96B4680-1A43-4CCA-B38E-96A2E9B113E0}.Release|x86.ActiveCfg = Release|Any CPU
		{F96B4680-1A43-4CCA-B38E-96A2E9B113E0}.Release|x86.Build.0 = Release|Any CPU
		{032E341D-BB6A-41D1-9501-BF0D18621DA2}.Debug|Any CPU.ActiveCfg = Debug|Any CPU
		{032E341D-BB6A-41D1-9501-BF0D18621DA2}.Debug|Any CPU.Build.0 = Debug|Any CPU
		{032E341D-BB6A-41D1-9501-BF0D18621DA2}.Debug|x86.ActiveCfg = Debug|Any CPU
		{032E341D-BB6A-41D1-9501-BF0D18621DA2}.Debug|x86.Build.0 = Debug|Any CPU
		{032E341D-BB6A-41D1-9501-BF0D18621DA2}.DebugLocal|Any CPU.ActiveCfg = Debug|Any CPU
		{032E341D-BB6A-41D1-9501-BF0D18621DA2}.DebugLocal|Any CPU.Build.0 = Debug|Any CPU
		{032E341D-BB6A-41D1-9501-BF0D18621DA2}.DebugLocal|x86.ActiveCfg = Debug|Any CPU
		{032E341D-BB6A-41D1-9501-BF0D18621DA2}.DebugLocal|x86.Build.0 = Debug|Any CPU
		{032E341D-BB6A-41D1-9501-BF0D18621DA2}.Development|Any CPU.ActiveCfg = Debug|Any CPU
		{032E341D-BB6A-41D1-9501-BF0D18621DA2}.Development|Any CPU.Build.0 = Debug|Any CPU
		{032E341D-BB6A-41D1-9501-BF0D18621DA2}.Development|x86.ActiveCfg = Debug|Any CPU
		{032E341D-BB6A-41D1-9501-BF0D18621DA2}.Development|x86.Build.0 = Debug|Any CPU
		{032E341D-BB6A-41D1-9501-BF0D18621DA2}.Release|Any CPU.ActiveCfg = Release|Any CPU
		{032E341D-BB6A-41D1-9501-BF0D18621DA2}.Release|Any CPU.Build.0 = Release|Any CPU
		{032E341D-BB6A-41D1-9501-BF0D18621DA2}.Release|x86.ActiveCfg = Release|Any CPU
		{032E341D-BB6A-41D1-9501-BF0D18621DA2}.Release|x86.Build.0 = Release|Any CPU
		{0F6EA13F-2262-4A8D-9D18-C0EAA4DAC922}.Debug|Any CPU.ActiveCfg = Debug|x86
		{0F6EA13F-2262-4A8D-9D18-C0EAA4DAC922}.Debug|x86.ActiveCfg = Debug|x86
		{0F6EA13F-2262-4A8D-9D18-C0EAA4DAC922}.Debug|x86.Build.0 = Debug|x86
		{0F6EA13F-2262-4A8D-9D18-C0EAA4DAC922}.DebugLocal|Any CPU.ActiveCfg = Release|x86
		{0F6EA13F-2262-4A8D-9D18-C0EAA4DAC922}.DebugLocal|Any CPU.Build.0 = Release|x86
		{0F6EA13F-2262-4A8D-9D18-C0EAA4DAC922}.DebugLocal|x86.ActiveCfg = Debug|x86
		{0F6EA13F-2262-4A8D-9D18-C0EAA4DAC922}.DebugLocal|x86.Build.0 = Debug|x86
		{0F6EA13F-2262-4A8D-9D18-C0EAA4DAC922}.Development|Any CPU.ActiveCfg = Release|x86
		{0F6EA13F-2262-4A8D-9D18-C0EAA4DAC922}.Development|Any CPU.Build.0 = Release|x86
		{0F6EA13F-2262-4A8D-9D18-C0EAA4DAC922}.Development|x86.ActiveCfg = Debug|x86
		{0F6EA13F-2262-4A8D-9D18-C0EAA4DAC922}.Development|x86.Build.0 = Debug|x86
		{0F6EA13F-2262-4A8D-9D18-C0EAA4DAC922}.Release|Any CPU.ActiveCfg = Release|x86
		{0F6EA13F-2262-4A8D-9D18-C0EAA4DAC922}.Release|x86.ActiveCfg = Release|x86
		{0F6EA13F-2262-4A8D-9D18-C0EAA4DAC922}.Release|x86.Build.0 = Release|x86
		{F87F8904-28D5-47F7-97DF-23BF1B7B41DD}.Debug|Any CPU.ActiveCfg = Debug|Any CPU
		{F87F8904-28D5-47F7-97DF-23BF1B7B41DD}.Debug|Any CPU.Build.0 = Debug|Any CPU
		{F87F8904-28D5-47F7-97DF-23BF1B7B41DD}.Debug|x86.ActiveCfg = Debug|Any CPU
		{F87F8904-28D5-47F7-97DF-23BF1B7B41DD}.Debug|x86.Build.0 = Debug|Any CPU
		{F87F8904-28D5-47F7-97DF-23BF1B7B41DD}.DebugLocal|Any CPU.ActiveCfg = Debug|Any CPU
		{F87F8904-28D5-47F7-97DF-23BF1B7B41DD}.DebugLocal|Any CPU.Build.0 = Debug|Any CPU
		{F87F8904-28D5-47F7-97DF-23BF1B7B41DD}.DebugLocal|x86.ActiveCfg = Debug|Any CPU
		{F87F8904-28D5-47F7-97DF-23BF1B7B41DD}.DebugLocal|x86.Build.0 = Debug|Any CPU
		{F87F8904-28D5-47F7-97DF-23BF1B7B41DD}.Development|Any CPU.ActiveCfg = Debug|Any CPU
		{F87F8904-28D5-47F7-97DF-23BF1B7B41DD}.Development|Any CPU.Build.0 = Debug|Any CPU
		{F87F8904-28D5-47F7-97DF-23BF1B7B41DD}.Development|x86.ActiveCfg = Debug|Any CPU
		{F87F8904-28D5-47F7-97DF-23BF1B7B41DD}.Development|x86.Build.0 = Debug|Any CPU
		{F87F8904-28D5-47F7-97DF-23BF1B7B41DD}.Release|Any CPU.ActiveCfg = Release|Any CPU
		{F87F8904-28D5-47F7-97DF-23BF1B7B41DD}.Release|Any CPU.Build.0 = Release|Any CPU
		{F87F8904-28D5-47F7-97DF-23BF1B7B41DD}.Release|x86.ActiveCfg = Release|Any CPU
		{F87F8904-28D5-47F7-97DF-23BF1B7B41DD}.Release|x86.Build.0 = Release|Any CPU
		{3EC82A7D-B122-4C16-AF30-6C51A4CE18AD}.Debug|Any CPU.ActiveCfg = Debug|x86
		{3EC82A7D-B122-4C16-AF30-6C51A4CE18AD}.Debug|x86.ActiveCfg = Debug|x86
		{3EC82A7D-B122-4C16-AF30-6C51A4CE18AD}.Debug|x86.Build.0 = Debug|x86
		{3EC82A7D-B122-4C16-AF30-6C51A4CE18AD}.DebugLocal|Any CPU.ActiveCfg = Release|x86
		{3EC82A7D-B122-4C16-AF30-6C51A4CE18AD}.DebugLocal|Any CPU.Build.0 = Release|x86
		{3EC82A7D-B122-4C16-AF30-6C51A4CE18AD}.DebugLocal|x86.ActiveCfg = Debug|x86
		{3EC82A7D-B122-4C16-AF30-6C51A4CE18AD}.DebugLocal|x86.Build.0 = Debug|x86
		{3EC82A7D-B122-4C16-AF30-6C51A4CE18AD}.Development|Any CPU.ActiveCfg = Release|x86
		{3EC82A7D-B122-4C16-AF30-6C51A4CE18AD}.Development|Any CPU.Build.0 = Release|x86
		{3EC82A7D-B122-4C16-AF30-6C51A4CE18AD}.Development|x86.ActiveCfg = Debug|x86
		{3EC82A7D-B122-4C16-AF30-6C51A4CE18AD}.Development|x86.Build.0 = Debug|x86
		{3EC82A7D-B122-4C16-AF30-6C51A4CE18AD}.Release|Any CPU.ActiveCfg = Release|x86
		{3EC82A7D-B122-4C16-AF30-6C51A4CE18AD}.Release|x86.ActiveCfg = Release|x86
		{3EC82A7D-B122-4C16-AF30-6C51A4CE18AD}.Release|x86.Build.0 = Release|x86
		{D8320621-C774-453B-A1F9-EA604BB65ADD}.Debug|Any CPU.ActiveCfg = Debug|Any CPU
		{D8320621-C774-453B-A1F9-EA604BB65ADD}.Debug|Any CPU.Build.0 = Debug|Any CPU
		{D8320621-C774-453B-A1F9-EA604BB65ADD}.Debug|x86.ActiveCfg = Debug|Any CPU
		{D8320621-C774-453B-A1F9-EA604BB65ADD}.Debug|x86.Build.0 = Debug|Any CPU
		{D8320621-C774-453B-A1F9-EA604BB65ADD}.DebugLocal|Any CPU.ActiveCfg = Debug|Any CPU
		{D8320621-C774-453B-A1F9-EA604BB65ADD}.DebugLocal|Any CPU.Build.0 = Debug|Any CPU
		{D8320621-C774-453B-A1F9-EA604BB65ADD}.DebugLocal|x86.ActiveCfg = Debug|Any CPU
		{D8320621-C774-453B-A1F9-EA604BB65ADD}.DebugLocal|x86.Build.0 = Debug|Any CPU
		{D8320621-C774-453B-A1F9-EA604BB65ADD}.Development|Any CPU.ActiveCfg = Debug|Any CPU
		{D8320621-C774-453B-A1F9-EA604BB65ADD}.Development|Any CPU.Build.0 = Debug|Any CPU
		{D8320621-C774-453B-A1F9-EA604BB65ADD}.Development|x86.ActiveCfg = Debug|Any CPU
		{D8320621-C774-453B-A1F9-EA604BB65ADD}.Development|x86.Build.0 = Debug|Any CPU
		{D8320621-C774-453B-A1F9-EA604BB65ADD}.Release|Any CPU.ActiveCfg = Release|Any CPU
		{D8320621-C774-453B-A1F9-EA604BB65ADD}.Release|Any CPU.Build.0 = Release|Any CPU
		{D8320621-C774-453B-A1F9-EA604BB65ADD}.Release|x86.ActiveCfg = Release|Any CPU
		{D8320621-C774-453B-A1F9-EA604BB65ADD}.Release|x86.Build.0 = Release|Any CPU
	EndGlobalSection
	GlobalSection(SolutionProperties) = preSolution
		HideSolutionNode = FALSE
	EndGlobalSection
	GlobalSection(NestedProjects) = preSolution
		{79B15110-0D65-4BB2-AC80-6881A4755D6A} = {7E269113-B455-461C-A2AB-55C6A95379DD}
		{344A2FDD-817B-437F-B557-95F316427553} = {7E269113-B455-461C-A2AB-55C6A95379DD}
		{0786A74F-795E-4BFA-A37B-E2969E448212} = {7E269113-B455-461C-A2AB-55C6A95379DD}
		{DB3094C7-3772-43CD-9616-219CC0CDD934} = {7E269113-B455-461C-A2AB-55C6A95379DD}
		{5D3A95A9-C607-410A-86AE-819C2F884A93} = {7E269113-B455-461C-A2AB-55C6A95379DD}
		{162DC1AF-D046-44ED-B43A-C033DF07A246} = {7E269113-B455-461C-A2AB-55C6A95379DD}
		{257844B3-14AA-4F97-A9F1-CE3C0A42CFE1} = {7E269113-B455-461C-A2AB-55C6A95379DD}
		{A5072927-A437-4D17-BD18-4430103C0AB5} = {7E269113-B455-461C-A2AB-55C6A95379DD}
		{F96B4680-1A43-4CCA-B38E-96A2E9B113E0} = {7E269113-B455-461C-A2AB-55C6A95379DD}
		{032E341D-BB6A-41D1-9501-BF0D18621DA2} = {7E269113-B455-461C-A2AB-55C6A95379DD}
		{0F6EA13F-2262-4A8D-9D18-C0EAA4DAC922} = {7E269113-B455-461C-A2AB-55C6A95379DD}
		{F87F8904-28D5-47F7-97DF-23BF1B7B41DD} = {7E269113-B455-461C-A2AB-55C6A95379DD}
		{9478D5D7-C055-45A3-9C0B-D292516E567F} = {7E269113-B455-461C-A2AB-55C6A95379DD}
		{3EC82A7D-B122-4C16-AF30-6C51A4CE18AD} = {7E269113-B455-461C-A2AB-55C6A95379DD}
		{D8320621-C774-453B-A1F9-EA604BB65ADD} = {7E269113-B455-461C-A2AB-55C6A95379DD}
	EndGlobalSection
EndGlobal
